
Microsoft Visual Studio Solution File, Format Version 12.00
Project("{FAE04EC0-301F-11D3-BF4B-00C04F79EFBC}") = "ajiva", "ajiva\ajiva.csproj", "{2376F26D-3DEA-4AEA-9972-A816D360D4D3}"
EndProject
Project("{FAE04EC0-301F-11D3-BF4B-00C04F79EFBC}") = "SharpVk", "SharpVk\src\SharpVk\SharpVk.csproj", "{13798B09-0AB5-42D8-95EF-FC874A777A5E}"
EndProject
Project("{FAE04EC0-301F-11D3-BF4B-00C04F79EFBC}") = "SharpVk.Emit", "SharpVk\src\SharpVk.Emit\SharpVk.Emit.csproj", "{1D6D3783-B347-4BD3-AB41-AAB9D5981F3F}"
EndProject
Project("{FAE04EC0-301F-11D3-BF4B-00C04F79EFBC}") = "SharpVk.Glfw", "SharpVk\src\SharpVk.Glfw\SharpVk.Glfw.csproj", "{0AAFF6EF-8EDC-4D20-A0A3-8356F309C784}"
EndProject
Project("{FAE04EC0-301F-11D3-BF4B-00C04F79EFBC}") = "SharpVk.Shanq.GlmSharp", "SharpVk\src\SharpVk.Shanq.GlmSharp\SharpVk.Shanq.GlmSharp.csproj", "{8FC640BB-14BF-46FD-86FD-A007A3993444}"
EndProject
Project("{2150E333-8FDC-42A3-9474-1A3956D46DE8}") = "SharpVkSubModule", "SharpVkSubModule", "{F1223494-2DAF-4DD2-8A66-911AFE2219DB}"
EndProject
Project("{FAE04EC0-301F-11D3-BF4B-00C04F79EFBC}") = "SharpVk.Shanq", "SharpVk\src\SharpVk.Shanq\SharpVk.Shanq.csproj", "{2BE916E7-9656-4EDD-89DB-731CD9B311B0}"
EndProject
Project("{FAE04EC0-301F-11D3-BF4B-00C04F79EFBC}") = "SharpVk.Shanq.Numerics", "SharpVk\src\SharpVk.Shanq.Numerics\SharpVk.Shanq.Numerics.csproj", "{E501BD06-5B9E-4F61-9244-1C0944D0643D}"
EndProject
Project("{FAE04EC0-301F-11D3-BF4B-00C04F79EFBC}") = "SharpVk.Generator", "SharpVk\src\SharpVk.Generator\SharpVk.Generator.csproj", "{A852EAFC-5D0A-4E27-A4AD-AB907F2C8454}"
EndProject
Project("{FAE04EC0-301F-11D3-BF4B-00C04F79EFBC}") = "Ajiva.Wrapper", "lib\ajiva-utils\src\Ajiva.Wrapper\Ajiva.Wrapper.csproj", "{701DEE9A-74F9-4E14-977A-0BC860D77029}"
EndProject
Project("{2150E333-8FDC-42A3-9474-1A3956D46DE8}") = "lib", "lib/utils", "{546F40C7-30D2-4C12-A04E-BA417262647B}"
EndProject
Project("{2150E333-8FDC-42A3-9474-1A3956D46DE8}") = "utils", "utils", "{616745F2-9571-4F33-86C7-D44F3806FCC5}"
EndProject
Project("{FAE04EC0-301F-11D3-BF4B-00C04F79EFBC}") = "ajiva.Ecs", "ajiva.Ecs\ajiva.Ecs.csproj", "{F8A4D9DE-A906-435A-A30A-49C799ADFAE1}"
EndProject
Project("{FAE04EC0-301F-11D3-BF4B-00C04F79EFBC}") = "Ajiva.Include", "lib\ajiva-utils\src\Ajiva.Include\Ajiva.Include.csproj", "{952652C0-BCF0-44DA-A7F6-45155D20989E}"
EndProject
Project("{FAE04EC0-301F-11D3-BF4B-00C04F79EFBC}") = "Ajiva.Net", "lib\ajiva-utils\src\Ajiva.Net\Ajiva.Net.csproj", "{CDF174FF-1308-4C3E-AFF3-EE0933714A2E}"
EndProject
Project("{FAE04EC0-301F-11D3-BF4B-00C04F79EFBC}") = "Ajiva.Extensions", "lib\ajiva-utils\src\Ajiva.Extensions\Ajiva.Extensions.csproj", "{D42B35D8-D054-4B24-B72A-14A2F887FB0C}"
EndProject
Global
	GlobalSection(SolutionConfigurationPlatforms) = preSolution
		Debug|Any CPU = Debug|Any CPU
		Release|Any CPU = Release|Any CPU
	EndGlobalSection
	GlobalSection(ProjectConfigurationPlatforms) = postSolution
		{2376F26D-3DEA-4AEA-9972-A816D360D4D3}.Debug|Any CPU.ActiveCfg = Debug|Any CPU
		{2376F26D-3DEA-4AEA-9972-A816D360D4D3}.Debug|Any CPU.Build.0 = Debug|Any CPU
		{2376F26D-3DEA-4AEA-9972-A816D360D4D3}.Release|Any CPU.ActiveCfg = Release|Any CPU
		{2376F26D-3DEA-4AEA-9972-A816D360D4D3}.Release|Any CPU.Build.0 = Release|Any CPU
		{13798B09-0AB5-42D8-95EF-FC874A777A5E}.Debug|Any CPU.ActiveCfg = Debug|Any CPU
		{13798B09-0AB5-42D8-95EF-FC874A777A5E}.Debug|Any CPU.Build.0 = Debug|Any CPU
		{13798B09-0AB5-42D8-95EF-FC874A777A5E}.Release|Any CPU.ActiveCfg = Release|Any CPU
		{13798B09-0AB5-42D8-95EF-FC874A777A5E}.Release|Any CPU.Build.0 = Release|Any CPU
		{1D6D3783-B347-4BD3-AB41-AAB9D5981F3F}.Debug|Any CPU.ActiveCfg = Debug|Any CPU
		{1D6D3783-B347-4BD3-AB41-AAB9D5981F3F}.Debug|Any CPU.Build.0 = Debug|Any CPU
		{1D6D3783-B347-4BD3-AB41-AAB9D5981F3F}.Release|Any CPU.ActiveCfg = Release|Any CPU
		{1D6D3783-B347-4BD3-AB41-AAB9D5981F3F}.Release|Any CPU.Build.0 = Release|Any CPU
		{0AAFF6EF-8EDC-4D20-A0A3-8356F309C784}.Debug|Any CPU.ActiveCfg = Debug|Any CPU
		{0AAFF6EF-8EDC-4D20-A0A3-8356F309C784}.Debug|Any CPU.Build.0 = Debug|Any CPU
		{0AAFF6EF-8EDC-4D20-A0A3-8356F309C784}.Release|Any CPU.ActiveCfg = Release|Any CPU
		{0AAFF6EF-8EDC-4D20-A0A3-8356F309C784}.Release|Any CPU.Build.0 = Release|Any CPU
		{8FC640BB-14BF-46FD-86FD-A007A3993444}.Debug|Any CPU.ActiveCfg = Debug|Any CPU
		{8FC640BB-14BF-46FD-86FD-A007A3993444}.Debug|Any CPU.Build.0 = Debug|Any CPU
		{8FC640BB-14BF-46FD-86FD-A007A3993444}.Release|Any CPU.ActiveCfg = Release|Any CPU
		{8FC640BB-14BF-46FD-86FD-A007A3993444}.Release|Any CPU.Build.0 = Release|Any CPU
		{2BE916E7-9656-4EDD-89DB-731CD9B311B0}.Debug|Any CPU.ActiveCfg = Debug|Any CPU
		{2BE916E7-9656-4EDD-89DB-731CD9B311B0}.Debug|Any CPU.Build.0 = Debug|Any CPU
		{2BE916E7-9656-4EDD-89DB-731CD9B311B0}.Release|Any CPU.ActiveCfg = Release|Any CPU
		{2BE916E7-9656-4EDD-89DB-731CD9B311B0}.Release|Any CPU.Build.0 = Release|Any CPU
		{E501BD06-5B9E-4F61-9244-1C0944D0643D}.Debug|Any CPU.ActiveCfg = Debug|Any CPU
		{E501BD06-5B9E-4F61-9244-1C0944D0643D}.Debug|Any CPU.Build.0 = Debug|Any CPU
		{E501BD06-5B9E-4F61-9244-1C0944D0643D}.Release|Any CPU.ActiveCfg = Release|Any CPU
		{E501BD06-5B9E-4F61-9244-1C0944D0643D}.Release|Any CPU.Build.0 = Release|Any CPU
		{A852EAFC-5D0A-4E27-A4AD-AB907F2C8454}.Debug|Any CPU.ActiveCfg = Debug|Any CPU
		{A852EAFC-5D0A-4E27-A4AD-AB907F2C8454}.Debug|Any CPU.Build.0 = Debug|Any CPU
		{A852EAFC-5D0A-4E27-A4AD-AB907F2C8454}.Release|Any CPU.ActiveCfg = Release|Any CPU
		{A852EAFC-5D0A-4E27-A4AD-AB907F2C8454}.Release|Any CPU.Build.0 = Release|Any CPU
		{701DEE9A-74F9-4E14-977A-0BC860D77029}.Debug|Any CPU.ActiveCfg = Debug|Any CPU
		{701DEE9A-74F9-4E14-977A-0BC860D77029}.Debug|Any CPU.Build.0 = Debug|Any CPU
		{701DEE9A-74F9-4E14-977A-0BC860D77029}.Release|Any CPU.ActiveCfg = Release|Any CPU
		{701DEE9A-74F9-4E14-977A-0BC860D77029}.Release|Any CPU.Build.0 = Release|Any CPU
		{F8A4D9DE-A906-435A-A30A-49C799ADFAE1}.Debug|Any CPU.ActiveCfg = Debug|Any CPU
		{F8A4D9DE-A906-435A-A30A-49C799ADFAE1}.Debug|Any CPU.Build.0 = Debug|Any CPU
		{F8A4D9DE-A906-435A-A30A-49C799ADFAE1}.Release|Any CPU.ActiveCfg = Release|Any CPU
		{F8A4D9DE-A906-435A-A30A-49C799ADFAE1}.Release|Any CPU.Build.0 = Release|Any CPU
		{952652C0-BCF0-44DA-A7F6-45155D20989E}.Debug|Any CPU.ActiveCfg = Debug|Any CPU
		{952652C0-BCF0-44DA-A7F6-45155D20989E}.Debug|Any CPU.Build.0 = Debug|Any CPU
		{952652C0-BCF0-44DA-A7F6-45155D20989E}.Release|Any CPU.ActiveCfg = Release|Any CPU
		{952652C0-BCF0-44DA-A7F6-45155D20989E}.Release|Any CPU.Build.0 = Release|Any CPU
		{CDF174FF-1308-4C3E-AFF3-EE0933714A2E}.Debug|Any CPU.ActiveCfg = Debug|Any CPU
		{CDF174FF-1308-4C3E-AFF3-EE0933714A2E}.Debug|Any CPU.Build.0 = Debug|Any CPU
		{CDF174FF-1308-4C3E-AFF3-EE0933714A2E}.Release|Any CPU.ActiveCfg = Release|Any CPU
		{CDF174FF-1308-4C3E-AFF3-EE0933714A2E}.Release|Any CPU.Build.0 = Release|Any CPU
		{D42B35D8-D054-4B24-B72A-14A2F887FB0C}.Debug|Any CPU.ActiveCfg = Debug|Any CPU
		{D42B35D8-D054-4B24-B72A-14A2F887FB0C}.Debug|Any CPU.Build.0 = Debug|Any CPU
		{D42B35D8-D054-4B24-B72A-14A2F887FB0C}.Release|Any CPU.ActiveCfg = Release|Any CPU
		{D42B35D8-D054-4B24-B72A-14A2F887FB0C}.Release|Any CPU.Build.0 = Release|Any CPU
	EndGlobalSection
	GlobalSection(NestedProjects) = preSolution
		{13798B09-0AB5-42D8-95EF-FC874A777A5E} = {F1223494-2DAF-4DD2-8A66-911AFE2219DB}
		{1D6D3783-B347-4BD3-AB41-AAB9D5981F3F} = {F1223494-2DAF-4DD2-8A66-911AFE2219DB}
		{0AAFF6EF-8EDC-4D20-A0A3-8356F309C784} = {F1223494-2DAF-4DD2-8A66-911AFE2219DB}
		{8FC640BB-14BF-46FD-86FD-A007A3993444} = {F1223494-2DAF-4DD2-8A66-911AFE2219DB}
		{2BE916E7-9656-4EDD-89DB-731CD9B311B0} = {F1223494-2DAF-4DD2-8A66-911AFE2219DB}
		{E501BD06-5B9E-4F61-9244-1C0944D0643D} = {F1223494-2DAF-4DD2-8A66-911AFE2219DB}
		{A852EAFC-5D0A-4E27-A4AD-AB907F2C8454} = {F1223494-2DAF-4DD2-8A66-911AFE2219DB}
		{616745F2-9571-4F33-86C7-D44F3806FCC5} = {546F40C7-30D2-4C12-A04E-BA417262647B}
		{701DEE9A-74F9-4E14-977A-0BC860D77029} = {616745F2-9571-4F33-86C7-D44F3806FCC5}
		{952652C0-BCF0-44DA-A7F6-45155D20989E} = {616745F2-9571-4F33-86C7-D44F3806FCC5}
		{CDF174FF-1308-4C3E-AFF3-EE0933714A2E} = {616745F2-9571-4F33-86C7-D44F3806FCC5}
		{D42B35D8-D054-4B24-B72A-14A2F887FB0C} = {616745F2-9571-4F33-86C7-D44F3806FCC5}
	EndGlobalSection
EndGlobal
