
Microsoft Visual Studio Solution File, Format Version 12.00
#
Project("{FAE04EC0-301F-11D3-BF4B-00C04F79EFBC}") = "Ajiva", "Ajiva\Ajiva.csproj", "{2376F26D-3DEA-4AEA-9972-A816D360D4D3}"
EndProject
Project("{FAE04EC0-301F-11D3-BF4B-00C04F79EFBC}") = "Ajiva.Ecs", "Ajiva.Ecs\Ajiva.Ecs.csproj", "{F8A4D9DE-A906-435A-A30A-49C799ADFAE1}"
EndProject
Project("{2150E333-8FDC-42A3-9474-1A3956D46DE8}") = "Libs", "Libs", "{113BF263-982F-4D50-AFE7-087351C3AD19}"
EndProject
Project("{2150E333-8FDC-42A3-9474-1A3956D46DE8}") = "SharpVk", "SharpVk", "{604C740A-E661-49C1-AA5A-6477A74B1248}"
EndProject
Project("{FAE04EC0-301F-11D3-BF4B-00C04F79EFBC}") = "SharpVk", "..\libs\SharpVk\src\SharpVk\SharpVk.csproj", "{E506F32D-125B-4BFC-9D48-C95C1166F2B3}"
EndProject
Project("{FAE04EC0-301F-11D3-BF4B-00C04F79EFBC}") = "SharpVk.Emit", "..\libs\SharpVk\src\SharpVk.Emit\SharpVk.Emit.csproj", "{991AD196-9A40-4856-99AE-9B593FD9247C}"
EndProject
Project("{FAE04EC0-301F-11D3-BF4B-00C04F79EFBC}") = "SharpVk.Generator", "..\libs\SharpVk\src\SharpVk.Generator\SharpVk.Generator.csproj", "{8E47CC99-E302-4DCA-A66F-3A76C71450A2}"
EndProject
Project("{FAE04EC0-301F-11D3-BF4B-00C04F79EFBC}") = "SharpVk.Glfw", "..\libs\SharpVk\src\SharpVk.Glfw\SharpVk.Glfw.csproj", "{3FD7E626-3154-4CE0-BFF9-D40A2ACD19D7}"
EndProject
Project("{FAE04EC0-301F-11D3-BF4B-00C04F79EFBC}") = "SharpVk.Shanq", "..\libs\SharpVk\src\SharpVk.Shanq\SharpVk.Shanq.csproj", "{135E3252-CECE-466E-9C06-05B096B0BCF4}"
EndProject
Project("{FAE04EC0-301F-11D3-BF4B-00C04F79EFBC}") = "SharpVk.Shanq.GlmSharp", "..\libs\SharpVk\src\SharpVk.Shanq.GlmSharp\SharpVk.Shanq.GlmSharp.csproj", "{465405BF-1B72-4356-83E8-53404071FB93}"
EndProject
Project("{FAE04EC0-301F-11D3-BF4B-00C04F79EFBC}") = "SharpVk.Shanq.Numerics", "..\libs\SharpVk\src\SharpVk.Shanq.Numerics\SharpVk.Shanq.Numerics.csproj", "{307535E8-106E-4165-8203-E787165B7345}"
EndProject
Project("{FAE04EC0-301F-11D3-BF4B-00C04F79EFBC}") = "SharpVk.TestHarness", "..\libs\SharpVk\src\SharpVk.TestHarness\SharpVk.TestHarness.csproj", "{E69D89F2-FA44-42BB-8650-D20CFE2AF946}"
EndProject
Project("{FAE04EC0-301F-11D3-BF4B-00C04F79EFBC}") = "SharpVk.Tests", "..\libs\SharpVk\src\SharpVk.Tests\SharpVk.Tests.csproj", "{1FC0F593-B357-4BF6-8F58-4CD1A80C62A2}"
EndProject
Project("{FAE04EC0-301F-11D3-BF4B-00C04F79EFBC}") = "Ajiva.Test", "Ajiva.Test\Ajiva.Test.csproj", "{C6FFDF04-C2C1-41F8-90F4-E64F846B5A98}"
EndProject
Project("{FAE04EC0-301F-11D3-BF4B-00C04F79EFBC}") = "Ajiva.Application", "Ajiva.Application\Ajiva.Application.csproj", "{5D2E12B3-813E-463E-8CF4-9659E1449BC2}"
EndProject
Project("{FAE04EC0-301F-11D3-BF4B-00C04F79EFBC}") = "Ajiva.Generator", "Ajiva.Generator\Ajiva.Generator.csproj", "{9F6F5836-48EF-4B16-B07C-F9B2982DA5A4}"
EndProject
Project("{FAE04EC0-301F-11D3-BF4B-00C04F79EFBC}") = "Ajiva.Generator.Test", "Ajiva.Generator.test\Ajiva.Generator.Test.csproj", "{5A250D76-B0F3-4097-9C1B-6411A0FACF94}"
EndProject
Project("{FAE04EC0-301F-11D3-BF4B-00C04F79EFBC}") = "Ajiva.Utils", "Ajiva.Utils\Ajiva.Utils.csproj", "{43A12E87-8D25-49EE-BA41-A094E5B94213}"
EndProject
Project("{FAE04EC0-301F-11D3-BF4B-00C04F79EFBC}") = "Ajiva.Assets", "Ajiva.Assets\Ajiva.Assets.csproj", "{04521ACF-59D7-4648-9FDC-6B75A127010A}"
EndProject
Global
	GlobalSection(SolutionConfigurationPlatforms) = preSolution
		Debug|Any CPU = Debug|Any CPU
		Release|Any CPU = Release|Any CPU
	EndGlobalSection
	GlobalSection(ProjectConfigurationPlatforms) = postSolution
		{2376F26D-3DEA-4AEA-9972-A816D360D4D3}.Debug|Any CPU.ActiveCfg = Debug|Any CPU
		{2376F26D-3DEA-4AEA-9972-A816D360D4D3}.Debug|Any CPU.Build.0 = Debug|Any CPU
		{2376F26D-3DEA-4AEA-9972-A816D360D4D3}.Release|Any CPU.ActiveCfg = Release|Any CPU
		{2376F26D-3DEA-4AEA-9972-A816D360D4D3}.Release|Any CPU.Build.0 = Release|Any CPU
		{F8A4D9DE-A906-435A-A30A-49C799ADFAE1}.Debug|Any CPU.ActiveCfg = Debug|Any CPU
		{F8A4D9DE-A906-435A-A30A-49C799ADFAE1}.Debug|Any CPU.Build.0 = Debug|Any CPU
		{F8A4D9DE-A906-435A-A30A-49C799ADFAE1}.Release|Any CPU.ActiveCfg = Release|Any CPU
		{F8A4D9DE-A906-435A-A30A-49C799ADFAE1}.Release|Any CPU.Build.0 = Release|Any CPU
		{E506F32D-125B-4BFC-9D48-C95C1166F2B3}.Debug|Any CPU.ActiveCfg = Debug|Any CPU
		{E506F32D-125B-4BFC-9D48-C95C1166F2B3}.Debug|Any CPU.Build.0 = Debug|Any CPU
		{E506F32D-125B-4BFC-9D48-C95C1166F2B3}.Release|Any CPU.ActiveCfg = Release|Any CPU
		{E506F32D-125B-4BFC-9D48-C95C1166F2B3}.Release|Any CPU.Build.0 = Release|Any CPU
		{991AD196-9A40-4856-99AE-9B593FD9247C}.Debug|Any CPU.ActiveCfg = Debug|Any CPU
		{991AD196-9A40-4856-99AE-9B593FD9247C}.Debug|Any CPU.Build.0 = Debug|Any CPU
		{991AD196-9A40-4856-99AE-9B593FD9247C}.Release|Any CPU.ActiveCfg = Release|Any CPU
		{991AD196-9A40-4856-99AE-9B593FD9247C}.Release|Any CPU.Build.0 = Release|Any CPU
		{8E47CC99-E302-4DCA-A66F-3A76C71450A2}.Debug|Any CPU.ActiveCfg = Debug|Any CPU
		{8E47CC99-E302-4DCA-A66F-3A76C71450A2}.Debug|Any CPU.Build.0 = Debug|Any CPU
		{8E47CC99-E302-4DCA-A66F-3A76C71450A2}.Release|Any CPU.ActiveCfg = Release|Any CPU
		{8E47CC99-E302-4DCA-A66F-3A76C71450A2}.Release|Any CPU.Build.0 = Release|Any CPU
		{3FD7E626-3154-4CE0-BFF9-D40A2ACD19D7}.Debug|Any CPU.ActiveCfg = Debug|Any CPU
		{3FD7E626-3154-4CE0-BFF9-D40A2ACD19D7}.Debug|Any CPU.Build.0 = Debug|Any CPU
		{3FD7E626-3154-4CE0-BFF9-D40A2ACD19D7}.Release|Any CPU.ActiveCfg = Release|Any CPU
		{3FD7E626-3154-4CE0-BFF9-D40A2ACD19D7}.Release|Any CPU.Build.0 = Release|Any CPU
		{135E3252-CECE-466E-9C06-05B096B0BCF4}.Debug|Any CPU.ActiveCfg = Debug|Any CPU
		{135E3252-CECE-466E-9C06-05B096B0BCF4}.Debug|Any CPU.Build.0 = Debug|Any CPU
		{135E3252-CECE-466E-9C06-05B096B0BCF4}.Release|Any CPU.ActiveCfg = Release|Any CPU
		{135E3252-CECE-466E-9C06-05B096B0BCF4}.Release|Any CPU.Build.0 = Release|Any CPU
		{465405BF-1B72-4356-83E8-53404071FB93}.Debug|Any CPU.ActiveCfg = Debug|Any CPU
		{465405BF-1B72-4356-83E8-53404071FB93}.Debug|Any CPU.Build.0 = Debug|Any CPU
		{465405BF-1B72-4356-83E8-53404071FB93}.Release|Any CPU.ActiveCfg = Release|Any CPU
		{465405BF-1B72-4356-83E8-53404071FB93}.Release|Any CPU.Build.0 = Release|Any CPU
		{307535E8-106E-4165-8203-E787165B7345}.Debug|Any CPU.ActiveCfg = Debug|Any CPU
		{307535E8-106E-4165-8203-E787165B7345}.Debug|Any CPU.Build.0 = Debug|Any CPU
		{307535E8-106E-4165-8203-E787165B7345}.Release|Any CPU.ActiveCfg = Release|Any CPU
		{307535E8-106E-4165-8203-E787165B7345}.Release|Any CPU.Build.0 = Release|Any CPU
		{E69D89F2-FA44-42BB-8650-D20CFE2AF946}.Debug|Any CPU.ActiveCfg = Debug|Any CPU
		{E69D89F2-FA44-42BB-8650-D20CFE2AF946}.Debug|Any CPU.Build.0 = Debug|Any CPU
		{E69D89F2-FA44-42BB-8650-D20CFE2AF946}.Release|Any CPU.ActiveCfg = Release|Any CPU
		{E69D89F2-FA44-42BB-8650-D20CFE2AF946}.Release|Any CPU.Build.0 = Release|Any CPU
		{1FC0F593-B357-4BF6-8F58-4CD1A80C62A2}.Debug|Any CPU.ActiveCfg = Debug|Any CPU
		{1FC0F593-B357-4BF6-8F58-4CD1A80C62A2}.Debug|Any CPU.Build.0 = Debug|Any CPU
		{1FC0F593-B357-4BF6-8F58-4CD1A80C62A2}.Release|Any CPU.ActiveCfg = Release|Any CPU
		{1FC0F593-B357-4BF6-8F58-4CD1A80C62A2}.Release|Any CPU.Build.0 = Release|Any CPU
		{C6FFDF04-C2C1-41F8-90F4-E64F846B5A98}.Debug|Any CPU.ActiveCfg = Debug|Any CPU
		{C6FFDF04-C2C1-41F8-90F4-E64F846B5A98}.Debug|Any CPU.Build.0 = Debug|Any CPU
		{C6FFDF04-C2C1-41F8-90F4-E64F846B5A98}.Release|Any CPU.ActiveCfg = Release|Any CPU
		{C6FFDF04-C2C1-41F8-90F4-E64F846B5A98}.Release|Any CPU.Build.0 = Release|Any CPU
		{5D2E12B3-813E-463E-8CF4-9659E1449BC2}.Debug|Any CPU.ActiveCfg = Debug|Any CPU
		{5D2E12B3-813E-463E-8CF4-9659E1449BC2}.Debug|Any CPU.Build.0 = Debug|Any CPU
		{5D2E12B3-813E-463E-8CF4-9659E1449BC2}.Release|Any CPU.ActiveCfg = Release|Any CPU
		{5D2E12B3-813E-463E-8CF4-9659E1449BC2}.Release|Any CPU.Build.0 = Release|Any CPU
		{9F6F5836-48EF-4B16-B07C-F9B2982DA5A4}.Debug|Any CPU.ActiveCfg = Debug|Any CPU
		{9F6F5836-48EF-4B16-B07C-F9B2982DA5A4}.Debug|Any CPU.Build.0 = Debug|Any CPU
		{9F6F5836-48EF-4B16-B07C-F9B2982DA5A4}.Release|Any CPU.ActiveCfg = Release|Any CPU
		{9F6F5836-48EF-4B16-B07C-F9B2982DA5A4}.Release|Any CPU.Build.0 = Release|Any CPU
		{5A250D76-B0F3-4097-9C1B-6411A0FACF94}.Debug|Any CPU.ActiveCfg = Debug|Any CPU
		{5A250D76-B0F3-4097-9C1B-6411A0FACF94}.Debug|Any CPU.Build.0 = Debug|Any CPU
		{5A250D76-B0F3-4097-9C1B-6411A0FACF94}.Release|Any CPU.ActiveCfg = Release|Any CPU
		{5A250D76-B0F3-4097-9C1B-6411A0FACF94}.Release|Any CPU.Build.0 = Release|Any CPU
		{43A12E87-8D25-49EE-BA41-A094E5B94213}.Debug|Any CPU.ActiveCfg = Debug|Any CPU
		{43A12E87-8D25-49EE-BA41-A094E5B94213}.Debug|Any CPU.Build.0 = Debug|Any CPU
		{43A12E87-8D25-49EE-BA41-A094E5B94213}.Release|Any CPU.ActiveCfg = Release|Any CPU
		{43A12E87-8D25-49EE-BA41-A094E5B94213}.Release|Any CPU.Build.0 = Release|Any CPU
		{04521ACF-59D7-4648-9FDC-6B75A127010A}.Debug|Any CPU.ActiveCfg = Debug|Any CPU
		{04521ACF-59D7-4648-9FDC-6B75A127010A}.Debug|Any CPU.Build.0 = Debug|Any CPU
		{04521ACF-59D7-4648-9FDC-6B75A127010A}.Release|Any CPU.ActiveCfg = Release|Any CPU
		{04521ACF-59D7-4648-9FDC-6B75A127010A}.Release|Any CPU.Build.0 = Release|Any CPU
	EndGlobalSection
	GlobalSection(NestedProjects) = preSolution
		{604C740A-E661-49C1-AA5A-6477A74B1248} = {113BF263-982F-4D50-AFE7-087351C3AD19}
		{E506F32D-125B-4BFC-9D48-C95C1166F2B3} = {604C740A-E661-49C1-AA5A-6477A74B1248}
		{991AD196-9A40-4856-99AE-9B593FD9247C} = {604C740A-E661-49C1-AA5A-6477A74B1248}
		{8E47CC99-E302-4DCA-A66F-3A76C71450A2} = {604C740A-E661-49C1-AA5A-6477A74B1248}
		{3FD7E626-3154-4CE0-BFF9-D40A2ACD19D7} = {604C740A-E661-49C1-AA5A-6477A74B1248}
		{135E3252-CECE-466E-9C06-05B096B0BCF4} = {604C740A-E661-49C1-AA5A-6477A74B1248}
		{465405BF-1B72-4356-83E8-53404071FB93} = {604C740A-E661-49C1-AA5A-6477A74B1248}
		{307535E8-106E-4165-8203-E787165B7345} = {604C740A-E661-49C1-AA5A-6477A74B1248}
		{E69D89F2-FA44-42BB-8650-D20CFE2AF946} = {604C740A-E661-49C1-AA5A-6477A74B1248}
		{1FC0F593-B357-4BF6-8F58-4CD1A80C62A2} = {604C740A-E661-49C1-AA5A-6477A74B1248}
	EndGlobalSection
EndGlobal
