
Microsoft Visual Studio Solution File, Format Version 12.00
# 
Project("{FAE04EC0-301F-11D3-BF4B-00C04F79EFBC}") = "ajiva", "ajiva\ajiva.csproj", "{2376F26D-3DEA-4AEA-9972-A816D360D4D3}"
EndProject
Project("{FAE04EC0-301F-11D3-BF4B-00C04F79EFBC}") = "ajiva.Ecs", "ajiva.Ecs\ajiva.Ecs.csproj", "{F8A4D9DE-A906-435A-A30A-49C799ADFAE1}"
EndProject
Project("{2150E333-8FDC-42A3-9474-1A3956D46DE8}") = "Libs", "Libs", "{113BF263-982F-4D50-AFE7-087351C3AD19}"
EndProject
Project("{2150E333-8FDC-42A3-9474-1A3956D46DE8}") = "Ajiva-Utils", "Ajiva-Utils", "{E9ECE606-AE9A-4F11-BB88-3ED89236C478}"
EndProject
Project("{FAE04EC0-301F-11D3-BF4B-00C04F79EFBC}") = "Ajiva.Extensions", "..\libs\ajiva-utils\src\Ajiva.Extensions\Ajiva.Extensions.csproj", "{378AD616-4F0C-4154-8164-C56D83577F56}"
EndProject
Project("{FAE04EC0-301F-11D3-BF4B-00C04F79EFBC}") = "Ajiva.Include", "..\libs\ajiva-utils\src\Ajiva.Include\Ajiva.Include.csproj", "{E21E851B-BBB2-4351-9349-DFBD05710343}"
EndProject
Project("{FAE04EC0-301F-11D3-BF4B-00C04F79EFBC}") = "Ajiva.Net", "..\libs\ajiva-utils\src\Ajiva.Net\Ajiva.Net.csproj", "{58BC9F84-46D2-4876-BD2A-850EDA591D3F}"
EndProject
Project("{FAE04EC0-301F-11D3-BF4B-00C04F79EFBC}") = "Ajiva.Net.Tests", "..\libs\ajiva-utils\src\Ajiva.Net.Tests\Ajiva.Net.Tests.csproj", "{5EE7296C-E34A-4F3E-AA4B-F5C8D5C34A27}"
EndProject
Project("{FAE04EC0-301F-11D3-BF4B-00C04F79EFBC}") = "Ajiva.Wrapper", "..\libs\ajiva-utils\src\Ajiva.Wrapper\Ajiva.Wrapper.csproj", "{69A2B0F7-0800-432E-AABA-D04356098DA3}"
EndProject
Project("{2150E333-8FDC-42A3-9474-1A3956D46DE8}") = "SharpVk", "SharpVk", "{604C740A-E661-49C1-AA5A-6477A74B1248}"
EndProject
Project("{FAE04EC0-301F-11D3-BF4B-00C04F79EFBC}") = "SharpVk", "..\libs\SharpVk\src\SharpVk\SharpVk.csproj", "{E506F32D-125B-4BFC-9D48-C95C1166F2B3}"
EndProject
Project("{FAE04EC0-301F-11D3-BF4B-00C04F79EFBC}") = "SharpVk.Emit", "..\libs\SharpVk\src\SharpVk.Emit\SharpVk.Emit.csproj", "{991AD196-9A40-4856-99AE-9B593FD9247C}"
EndProject
Project("{FAE04EC0-301F-11D3-BF4B-00C04F79EFBC}") = "SharpVk.Generator", "..\libs\SharpVk\src\SharpVk.Generator\SharpVk.Generator.csproj", "{8E47CC99-E302-4DCA-A66F-3A76C71450A2}"
EndProject
Project("{FAE04EC0-301F-11D3-BF4B-00C04F79EFBC}") = "SharpVk.Glfw", "..\libs\SharpVk\src\SharpVk.Glfw\SharpVk.Glfw.csproj", "{3FD7E626-3154-4CE0-BFF9-D40A2ACD19D7}"
EndProject
Project("{FAE04EC0-301F-11D3-BF4B-00C04F79EFBC}") = "SharpVk.Shanq", "..\libs\SharpVk\src\SharpVk.Shanq\SharpVk.Shanq.csproj", "{135E3252-CECE-466E-9C06-05B096B0BCF4}"
EndProject
Project("{FAE04EC0-301F-11D3-BF4B-00C04F79EFBC}") = "SharpVk.Shanq.GlmSharp", "..\libs\SharpVk\src\SharpVk.Shanq.GlmSharp\SharpVk.Shanq.GlmSharp.csproj", "{465405BF-1B72-4356-83E8-53404071FB93}"
EndProject
Project("{FAE04EC0-301F-11D3-BF4B-00C04F79EFBC}") = "SharpVk.Shanq.Numerics", "..\libs\SharpVk\src\SharpVk.Shanq.Numerics\SharpVk.Shanq.Numerics.csproj", "{307535E8-106E-4165-8203-E787165B7345}"
EndProject
Project("{FAE04EC0-301F-11D3-BF4B-00C04F79EFBC}") = "SharpVk.TestHarness", "..\libs\SharpVk\src\SharpVk.TestHarness\SharpVk.TestHarness.csproj", "{E69D89F2-FA44-42BB-8650-D20CFE2AF946}"
EndProject
Project("{FAE04EC0-301F-11D3-BF4B-00C04F79EFBC}") = "SharpVk.Tests", "..\libs\SharpVk\src\SharpVk.Tests\SharpVk.Tests.csproj", "{1FC0F593-B357-4BF6-8F58-4CD1A80C62A2}"
EndProject
Project("{2150E333-8FDC-42A3-9474-1A3956D46DE8}") = "GlmSharp", "GlmSharp", "{9A005094-1825-4877-8712-3922BE1CDB83}"
EndProject
Project("{FAE04EC0-301F-11D3-BF4B-00C04F79EFBC}") = "GlmSharp", "..\Libs\GlmSharp\GlmSharp\GlmSharp\GlmSharp.csproj", "{A5F19443-DD85-4398-AD24-A2B00C816771}"
EndProject
Project("{FAE04EC0-301F-11D3-BF4B-00C04F79EFBC}") = "GlmSharpCompat", "..\Libs\GlmSharp\GlmSharp\GlmSharpCompat\GlmSharpCompat.csproj", "{E8DC311E-9E7B-44C9-9364-8A745FB7A5C0}"
EndProject
Project("{FAE04EC0-301F-11D3-BF4B-00C04F79EFBC}") = "GlmSharpGenerator", "..\Libs\GlmSharp\GlmSharp\GlmSharpGenerator\GlmSharpGenerator.csproj", "{B3D61E66-23B3-44E3-8B13-0674634C6944}"
EndProject
Project("{FAE04EC0-301F-11D3-BF4B-00C04F79EFBC}") = "GlmSharpTest", "..\Libs\GlmSharp\GlmSharp\GlmSharpTest\GlmSharpTest.csproj", "{9760B071-A070-4992-A4F0-780FF31E2FE6}"
EndProject
Global
	GlobalSection(SolutionConfigurationPlatforms) = preSolution
		Debug|Any CPU = Debug|Any CPU
		Release|Any CPU = Release|Any CPU
	EndGlobalSection
	GlobalSection(ProjectConfigurationPlatforms) = postSolution
		{2376F26D-3DEA-4AEA-9972-A816D360D4D3}.Debug|Any CPU.ActiveCfg = Debug|Any CPU
		{2376F26D-3DEA-4AEA-9972-A816D360D4D3}.Debug|Any CPU.Build.0 = Debug|Any CPU
		{2376F26D-3DEA-4AEA-9972-A816D360D4D3}.Release|Any CPU.ActiveCfg = Release|Any CPU
		{2376F26D-3DEA-4AEA-9972-A816D360D4D3}.Release|Any CPU.Build.0 = Release|Any CPU
		{F8A4D9DE-A906-435A-A30A-49C799ADFAE1}.Debug|Any CPU.ActiveCfg = Debug|Any CPU
		{F8A4D9DE-A906-435A-A30A-49C799ADFAE1}.Debug|Any CPU.Build.0 = Debug|Any CPU
		{F8A4D9DE-A906-435A-A30A-49C799ADFAE1}.Release|Any CPU.ActiveCfg = Release|Any CPU
		{F8A4D9DE-A906-435A-A30A-49C799ADFAE1}.Release|Any CPU.Build.0 = Release|Any CPU
		{378AD616-4F0C-4154-8164-C56D83577F56}.Debug|Any CPU.ActiveCfg = Debug|Any CPU
		{378AD616-4F0C-4154-8164-C56D83577F56}.Debug|Any CPU.Build.0 = Debug|Any CPU
		{378AD616-4F0C-4154-8164-C56D83577F56}.Release|Any CPU.ActiveCfg = Release|Any CPU
		{378AD616-4F0C-4154-8164-C56D83577F56}.Release|Any CPU.Build.0 = Release|Any CPU
		{E21E851B-BBB2-4351-9349-DFBD05710343}.Debug|Any CPU.ActiveCfg = Debug|Any CPU
		{E21E851B-BBB2-4351-9349-DFBD05710343}.Debug|Any CPU.Build.0 = Debug|Any CPU
		{E21E851B-BBB2-4351-9349-DFBD05710343}.Release|Any CPU.ActiveCfg = Release|Any CPU
		{E21E851B-BBB2-4351-9349-DFBD05710343}.Release|Any CPU.Build.0 = Release|Any CPU
		{58BC9F84-46D2-4876-BD2A-850EDA591D3F}.Debug|Any CPU.ActiveCfg = Debug|Any CPU
		{58BC9F84-46D2-4876-BD2A-850EDA591D3F}.Debug|Any CPU.Build.0 = Debug|Any CPU
		{58BC9F84-46D2-4876-BD2A-850EDA591D3F}.Release|Any CPU.ActiveCfg = Release|Any CPU
		{58BC9F84-46D2-4876-BD2A-850EDA591D3F}.Release|Any CPU.Build.0 = Release|Any CPU
		{5EE7296C-E34A-4F3E-AA4B-F5C8D5C34A27}.Debug|Any CPU.ActiveCfg = Debug|Any CPU
		{5EE7296C-E34A-4F3E-AA4B-F5C8D5C34A27}.Debug|Any CPU.Build.0 = Debug|Any CPU
		{5EE7296C-E34A-4F3E-AA4B-F5C8D5C34A27}.Release|Any CPU.ActiveCfg = Release|Any CPU
		{5EE7296C-E34A-4F3E-AA4B-F5C8D5C34A27}.Release|Any CPU.Build.0 = Release|Any CPU
		{69A2B0F7-0800-432E-AABA-D04356098DA3}.Debug|Any CPU.ActiveCfg = Debug|Any CPU
		{69A2B0F7-0800-432E-AABA-D04356098DA3}.Debug|Any CPU.Build.0 = Debug|Any CPU
		{69A2B0F7-0800-432E-AABA-D04356098DA3}.Release|Any CPU.ActiveCfg = Release|Any CPU
		{69A2B0F7-0800-432E-AABA-D04356098DA3}.Release|Any CPU.Build.0 = Release|Any CPU
		{E506F32D-125B-4BFC-9D48-C95C1166F2B3}.Debug|Any CPU.ActiveCfg = Debug|Any CPU
		{E506F32D-125B-4BFC-9D48-C95C1166F2B3}.Debug|Any CPU.Build.0 = Debug|Any CPU
		{E506F32D-125B-4BFC-9D48-C95C1166F2B3}.Release|Any CPU.ActiveCfg = Release|Any CPU
		{E506F32D-125B-4BFC-9D48-C95C1166F2B3}.Release|Any CPU.Build.0 = Release|Any CPU
		{991AD196-9A40-4856-99AE-9B593FD9247C}.Debug|Any CPU.ActiveCfg = Debug|Any CPU
		{991AD196-9A40-4856-99AE-9B593FD9247C}.Debug|Any CPU.Build.0 = Debug|Any CPU
		{991AD196-9A40-4856-99AE-9B593FD9247C}.Release|Any CPU.ActiveCfg = Release|Any CPU
		{991AD196-9A40-4856-99AE-9B593FD9247C}.Release|Any CPU.Build.0 = Release|Any CPU
		{8E47CC99-E302-4DCA-A66F-3A76C71450A2}.Debug|Any CPU.ActiveCfg = Debug|Any CPU
		{8E47CC99-E302-4DCA-A66F-3A76C71450A2}.Debug|Any CPU.Build.0 = Debug|Any CPU
		{8E47CC99-E302-4DCA-A66F-3A76C71450A2}.Release|Any CPU.ActiveCfg = Release|Any CPU
		{8E47CC99-E302-4DCA-A66F-3A76C71450A2}.Release|Any CPU.Build.0 = Release|Any CPU
		{3FD7E626-3154-4CE0-BFF9-D40A2ACD19D7}.Debug|Any CPU.ActiveCfg = Debug|Any CPU
		{3FD7E626-3154-4CE0-BFF9-D40A2ACD19D7}.Debug|Any CPU.Build.0 = Debug|Any CPU
		{3FD7E626-3154-4CE0-BFF9-D40A2ACD19D7}.Release|Any CPU.ActiveCfg = Release|Any CPU
		{3FD7E626-3154-4CE0-BFF9-D40A2ACD19D7}.Release|Any CPU.Build.0 = Release|Any CPU
		{135E3252-CECE-466E-9C06-05B096B0BCF4}.Debug|Any CPU.ActiveCfg = Debug|Any CPU
		{135E3252-CECE-466E-9C06-05B096B0BCF4}.Debug|Any CPU.Build.0 = Debug|Any CPU
		{135E3252-CECE-466E-9C06-05B096B0BCF4}.Release|Any CPU.ActiveCfg = Release|Any CPU
		{135E3252-CECE-466E-9C06-05B096B0BCF4}.Release|Any CPU.Build.0 = Release|Any CPU
		{465405BF-1B72-4356-83E8-53404071FB93}.Debug|Any CPU.ActiveCfg = Debug|Any CPU
		{465405BF-1B72-4356-83E8-53404071FB93}.Debug|Any CPU.Build.0 = Debug|Any CPU
		{465405BF-1B72-4356-83E8-53404071FB93}.Release|Any CPU.ActiveCfg = Release|Any CPU
		{465405BF-1B72-4356-83E8-53404071FB93}.Release|Any CPU.Build.0 = Release|Any CPU
		{307535E8-106E-4165-8203-E787165B7345}.Debug|Any CPU.ActiveCfg = Debug|Any CPU
		{307535E8-106E-4165-8203-E787165B7345}.Debug|Any CPU.Build.0 = Debug|Any CPU
		{307535E8-106E-4165-8203-E787165B7345}.Release|Any CPU.ActiveCfg = Release|Any CPU
		{307535E8-106E-4165-8203-E787165B7345}.Release|Any CPU.Build.0 = Release|Any CPU
		{E69D89F2-FA44-42BB-8650-D20CFE2AF946}.Debug|Any CPU.ActiveCfg = Debug|Any CPU
		{E69D89F2-FA44-42BB-8650-D20CFE2AF946}.Debug|Any CPU.Build.0 = Debug|Any CPU
		{E69D89F2-FA44-42BB-8650-D20CFE2AF946}.Release|Any CPU.ActiveCfg = Release|Any CPU
		{E69D89F2-FA44-42BB-8650-D20CFE2AF946}.Release|Any CPU.Build.0 = Release|Any CPU
		{1FC0F593-B357-4BF6-8F58-4CD1A80C62A2}.Debug|Any CPU.ActiveCfg = Debug|Any CPU
		{1FC0F593-B357-4BF6-8F58-4CD1A80C62A2}.Debug|Any CPU.Build.0 = Debug|Any CPU
		{1FC0F593-B357-4BF6-8F58-4CD1A80C62A2}.Release|Any CPU.ActiveCfg = Release|Any CPU
		{1FC0F593-B357-4BF6-8F58-4CD1A80C62A2}.Release|Any CPU.Build.0 = Release|Any CPU
		{A5F19443-DD85-4398-AD24-A2B00C816771}.Debug|Any CPU.ActiveCfg = Debug|Any CPU
		{A5F19443-DD85-4398-AD24-A2B00C816771}.Debug|Any CPU.Build.0 = Debug|Any CPU
		{A5F19443-DD85-4398-AD24-A2B00C816771}.Release|Any CPU.ActiveCfg = Debug|Any CPU
		{A5F19443-DD85-4398-AD24-A2B00C816771}.Release|Any CPU.Build.0 = Debug|Any CPU
		{E8DC311E-9E7B-44C9-9364-8A745FB7A5C0}.Debug|Any CPU.ActiveCfg = Debug|Any CPU
		{E8DC311E-9E7B-44C9-9364-8A745FB7A5C0}.Debug|Any CPU.Build.0 = Debug|Any CPU
		{E8DC311E-9E7B-44C9-9364-8A745FB7A5C0}.Release|Any CPU.ActiveCfg = Debug|Any CPU
		{E8DC311E-9E7B-44C9-9364-8A745FB7A5C0}.Release|Any CPU.Build.0 = Debug|Any CPU
		{B3D61E66-23B3-44E3-8B13-0674634C6944}.Debug|Any CPU.ActiveCfg = Debug|Any CPU
		{B3D61E66-23B3-44E3-8B13-0674634C6944}.Debug|Any CPU.Build.0 = Debug|Any CPU
		{B3D61E66-23B3-44E3-8B13-0674634C6944}.Release|Any CPU.ActiveCfg = Debug|Any CPU
		{B3D61E66-23B3-44E3-8B13-0674634C6944}.Release|Any CPU.Build.0 = Debug|Any CPU
		{9760B071-A070-4992-A4F0-780FF31E2FE6}.Debug|Any CPU.ActiveCfg = Debug|Any CPU
		{9760B071-A070-4992-A4F0-780FF31E2FE6}.Debug|Any CPU.Build.0 = Debug|Any CPU
		{9760B071-A070-4992-A4F0-780FF31E2FE6}.Release|Any CPU.ActiveCfg = Debug|Any CPU
		{9760B071-A070-4992-A4F0-780FF31E2FE6}.Release|Any CPU.Build.0 = Debug|Any CPU
	EndGlobalSection
	GlobalSection(NestedProjects) = preSolution
		{E9ECE606-AE9A-4F11-BB88-3ED89236C478} = {113BF263-982F-4D50-AFE7-087351C3AD19}
		{378AD616-4F0C-4154-8164-C56D83577F56} = {E9ECE606-AE9A-4F11-BB88-3ED89236C478}
		{E21E851B-BBB2-4351-9349-DFBD05710343} = {E9ECE606-AE9A-4F11-BB88-3ED89236C478}
		{58BC9F84-46D2-4876-BD2A-850EDA591D3F} = {E9ECE606-AE9A-4F11-BB88-3ED89236C478}
		{5EE7296C-E34A-4F3E-AA4B-F5C8D5C34A27} = {E9ECE606-AE9A-4F11-BB88-3ED89236C478}
		{69A2B0F7-0800-432E-AABA-D04356098DA3} = {E9ECE606-AE9A-4F11-BB88-3ED89236C478}
		{604C740A-E661-49C1-AA5A-6477A74B1248} = {113BF263-982F-4D50-AFE7-087351C3AD19}
		{E506F32D-125B-4BFC-9D48-C95C1166F2B3} = {604C740A-E661-49C1-AA5A-6477A74B1248}
		{991AD196-9A40-4856-99AE-9B593FD9247C} = {604C740A-E661-49C1-AA5A-6477A74B1248}
		{8E47CC99-E302-4DCA-A66F-3A76C71450A2} = {604C740A-E661-49C1-AA5A-6477A74B1248}
		{3FD7E626-3154-4CE0-BFF9-D40A2ACD19D7} = {604C740A-E661-49C1-AA5A-6477A74B1248}
		{135E3252-CECE-466E-9C06-05B096B0BCF4} = {604C740A-E661-49C1-AA5A-6477A74B1248}
		{465405BF-1B72-4356-83E8-53404071FB93} = {604C740A-E661-49C1-AA5A-6477A74B1248}
		{307535E8-106E-4165-8203-E787165B7345} = {604C740A-E661-49C1-AA5A-6477A74B1248}
		{E69D89F2-FA44-42BB-8650-D20CFE2AF946} = {604C740A-E661-49C1-AA5A-6477A74B1248}
		{1FC0F593-B357-4BF6-8F58-4CD1A80C62A2} = {604C740A-E661-49C1-AA5A-6477A74B1248}
		{9A005094-1825-4877-8712-3922BE1CDB83} = {113BF263-982F-4D50-AFE7-087351C3AD19}
		{A5F19443-DD85-4398-AD24-A2B00C816771} = {9A005094-1825-4877-8712-3922BE1CDB83}
		{E8DC311E-9E7B-44C9-9364-8A745FB7A5C0} = {9A005094-1825-4877-8712-3922BE1CDB83}
		{B3D61E66-23B3-44E3-8B13-0674634C6944} = {9A005094-1825-4877-8712-3922BE1CDB83}
		{9760B071-A070-4992-A4F0-780FF31E2FE6} = {9A005094-1825-4877-8712-3922BE1CDB83}
	EndGlobalSection
EndGlobal
